
Microsoft Visual Studio Solution File, Format Version 12.00
# Visual Studio 15
VisualStudioVersion = 15.0.26730.12
MinimumVisualStudioVersion = 10.0.40219.1
Project("{FAE04EC0-301F-11D3-BF4B-00C04F79EFBC}") = "Automaton", "Automaton\Automaton.csproj", "{B0CF9805-C392-45CB-B71A-587C0906E6D0}"
EndProject
Global
	GlobalSection(SolutionConfigurationPlatforms) = preSolution
		Debug|Any CPU = Debug|Any CPU
		Release|Any CPU = Release|Any CPU
	EndGlobalSection
	GlobalSection(ProjectConfigurationPlatforms) = postSolution
		{B0CF9805-C392-45CB-B71A-587C0906E6D0}.Debug|Any CPU.ActiveCfg = Debug|Any CPU
		{B0CF9805-C392-45CB-B71A-587C0906E6D0}.Debug|Any CPU.Build.0 = Debug|Any CPU
		{B0CF9805-C392-45CB-B71A-587C0906E6D0}.Release|Any CPU.ActiveCfg = Release|Any CPU
		{B0CF9805-C392-45CB-B71A-587C0906E6D0}.Release|Any CPU.Build.0 = Release|Any CPU
	EndGlobalSection
	GlobalSection(SolutionProperties) = preSolution
		HideSolutionNode = FALSE
	EndGlobalSection
	GlobalSection(ExtensibilityGlobals) = postSolution
		SolutionGuid = {1F118263-78FB-44A9-A516-9E002EFCE207}
	EndGlobalSection
EndGlobal
