
Microsoft Visual Studio Solution File, Format Version 12.00
# Visual Studio 15
VisualStudioVersion = 15.0.27130.2036
MinimumVisualStudioVersion = 10.0.40219.1
Project("{FAE04EC0-301F-11D3-BF4B-00C04F79EFBC}") = "Automaton.View", "Automaton.View\Automaton.View.csproj", "{2D15C75F-1244-4A71-A1C3-14C99941BB88}"
EndProject
Project("{FAE04EC0-301F-11D3-BF4B-00C04F79EFBC}") = "Automaton.Model", "Automaton.Model\Automaton.Model.csproj", "{CAEB0F4E-5CB6-4DAF-98F5-DA0DD3C54D53}"
EndProject
Project("{FAE04EC0-301F-11D3-BF4B-00C04F79EFBC}") = "Automaton.ViewModel", "Automaton.ViewModel\Automaton.ViewModel.csproj", "{87DB5F71-0FAB-46AF-B549-5F2179258164}"
EndProject
Project("{FAE04EC0-301F-11D3-BF4B-00C04F79EFBC}") = "Hephaestus", "Hephaestus\Hephaestus.csproj", "{9F183CC3-3277-45CF-B2C5-37B3137A29D3}"
EndProject
Project("{FAE04EC0-301F-11D3-BF4B-00C04F79EFBC}") = "Automaton.Utils", "Automaton.Utils\Automaton.Utils.csproj", "{4394AD41-7B9F-43FD-8A81-04D5FFB1A385}"
EndProject
Project("{FAE04EC0-301F-11D3-BF4B-00C04F79EFBC}") = "SevenZipExtractor", "SevenZipExtractor\SevenZipExtractor.csproj", "{8AA97F58-5044-4BBA-B8D9-A74B6947A660}"
EndProject
Global
	GlobalSection(SolutionConfigurationPlatforms) = preSolution
		Debug|Any CPU = Debug|Any CPU
		Release|Any CPU = Release|Any CPU
	EndGlobalSection
	GlobalSection(ProjectConfigurationPlatforms) = postSolution
		{2D15C75F-1244-4A71-A1C3-14C99941BB88}.Debug|Any CPU.ActiveCfg = Debug|Any CPU
		{2D15C75F-1244-4A71-A1C3-14C99941BB88}.Debug|Any CPU.Build.0 = Debug|Any CPU
		{2D15C75F-1244-4A71-A1C3-14C99941BB88}.Release|Any CPU.ActiveCfg = Release|Any CPU
		{2D15C75F-1244-4A71-A1C3-14C99941BB88}.Release|Any CPU.Build.0 = Release|Any CPU
		{CAEB0F4E-5CB6-4DAF-98F5-DA0DD3C54D53}.Debug|Any CPU.ActiveCfg = Debug|Any CPU
		{CAEB0F4E-5CB6-4DAF-98F5-DA0DD3C54D53}.Debug|Any CPU.Build.0 = Debug|Any CPU
		{CAEB0F4E-5CB6-4DAF-98F5-DA0DD3C54D53}.Release|Any CPU.ActiveCfg = Release|Any CPU
		{CAEB0F4E-5CB6-4DAF-98F5-DA0DD3C54D53}.Release|Any CPU.Build.0 = Release|Any CPU
		{87DB5F71-0FAB-46AF-B549-5F2179258164}.Debug|Any CPU.ActiveCfg = Debug|Any CPU
		{87DB5F71-0FAB-46AF-B549-5F2179258164}.Debug|Any CPU.Build.0 = Debug|Any CPU
		{87DB5F71-0FAB-46AF-B549-5F2179258164}.Release|Any CPU.ActiveCfg = Release|Any CPU
		{87DB5F71-0FAB-46AF-B549-5F2179258164}.Release|Any CPU.Build.0 = Release|Any CPU
		{9F183CC3-3277-45CF-B2C5-37B3137A29D3}.Debug|Any CPU.ActiveCfg = Debug|Any CPU
		{9F183CC3-3277-45CF-B2C5-37B3137A29D3}.Debug|Any CPU.Build.0 = Debug|Any CPU
		{9F183CC3-3277-45CF-B2C5-37B3137A29D3}.Release|Any CPU.ActiveCfg = Release|Any CPU
		{9F183CC3-3277-45CF-B2C5-37B3137A29D3}.Release|Any CPU.Build.0 = Release|Any CPU
		{4394AD41-7B9F-43FD-8A81-04D5FFB1A385}.Debug|Any CPU.ActiveCfg = Debug|Any CPU
		{4394AD41-7B9F-43FD-8A81-04D5FFB1A385}.Debug|Any CPU.Build.0 = Debug|Any CPU
		{4394AD41-7B9F-43FD-8A81-04D5FFB1A385}.Release|Any CPU.ActiveCfg = Release|Any CPU
		{4394AD41-7B9F-43FD-8A81-04D5FFB1A385}.Release|Any CPU.Build.0 = Release|Any CPU
		{8AA97F58-5044-4BBA-B8D9-A74B6947A660}.Debug|Any CPU.ActiveCfg = Debug|Any CPU
		{8AA97F58-5044-4BBA-B8D9-A74B6947A660}.Debug|Any CPU.Build.0 = Debug|Any CPU
		{8AA97F58-5044-4BBA-B8D9-A74B6947A660}.Release|Any CPU.ActiveCfg = Release|Any CPU
		{8AA97F58-5044-4BBA-B8D9-A74B6947A660}.Release|Any CPU.Build.0 = Release|Any CPU
	EndGlobalSection
	GlobalSection(SolutionProperties) = preSolution
		HideSolutionNode = FALSE
	EndGlobalSection
	GlobalSection(ExtensibilityGlobals) = postSolution
		SolutionGuid = {4165B1C1-D288-46A3-A80D-FE215EEE0815}
	EndGlobalSection
EndGlobal
