
Microsoft Visual Studio Solution File, Format Version 12.00
# Visual Studio Version 16
VisualStudioVersion = 16.0.28803.156
MinimumVisualStudioVersion = 10.0.40219.1
Project("{FAE04EC0-301F-11D3-BF4B-00C04F79EFBC}") = "Automaton.View", "Automaton.View\Automaton.View.csproj", "{2D15C75F-1244-4A71-A1C3-14C99941BB88}"
EndProject
Project("{FAE04EC0-301F-11D3-BF4B-00C04F79EFBC}") = "Automaton.Model", "Automaton.Model\Automaton.Model.csproj", "{CAEB0F4E-5CB6-4DAF-98F5-DA0DD3C54D53}"
EndProject
Project("{FAE04EC0-301F-11D3-BF4B-00C04F79EFBC}") = "Automaton.ViewModel", "Automaton.ViewModel\Automaton.ViewModel.csproj", "{87DB5F71-0FAB-46AF-B549-5F2179258164}"
EndProject
Project("{9A19103F-16F7-4668-BE54-9A1E7A4F7556}") = "Hephaestus", "Hephaestus\Hephaestus.csproj", "{9F183CC3-3277-45CF-B2C5-37B3137A29D3}"
EndProject
Project("{FAE04EC0-301F-11D3-BF4B-00C04F79EFBC}") = "SevenZipExtractor", "SevenZipExtractor\SevenZipExtractor.csproj", "{8AA97F58-5044-4BBA-B8D9-A74B6947A660}"
EndProject
Project("{9A19103F-16F7-4668-BE54-9A1E7A4F7556}") = "Automaton.Common", "Automaton.Common\Automaton.Common.csproj", "{8DDEAFD5-2124-4D6D-ABBF-69531DFCBD7A}"
EndProject
Global
	GlobalSection(SolutionConfigurationPlatforms) = preSolution
		Debug|Any CPU = Debug|Any CPU
		Release|Any CPU = Release|Any CPU
	EndGlobalSection
	GlobalSection(ProjectConfigurationPlatforms) = postSolution
		{2D15C75F-1244-4A71-A1C3-14C99941BB88}.Debug|Any CPU.ActiveCfg = Debug|Any CPU
		{2D15C75F-1244-4A71-A1C3-14C99941BB88}.Debug|Any CPU.Build.0 = Debug|Any CPU
		{2D15C75F-1244-4A71-A1C3-14C99941BB88}.Release|Any CPU.ActiveCfg = Release|Any CPU
		{2D15C75F-1244-4A71-A1C3-14C99941BB88}.Release|Any CPU.Build.0 = Release|Any CPU
		{CAEB0F4E-5CB6-4DAF-98F5-DA0DD3C54D53}.Debug|Any CPU.ActiveCfg = Debug|Any CPU
		{CAEB0F4E-5CB6-4DAF-98F5-DA0DD3C54D53}.Debug|Any CPU.Build.0 = Debug|Any CPU
		{CAEB0F4E-5CB6-4DAF-98F5-DA0DD3C54D53}.Release|Any CPU.ActiveCfg = Release|Any CPU
		{CAEB0F4E-5CB6-4DAF-98F5-DA0DD3C54D53}.Release|Any CPU.Build.0 = Release|Any CPU
		{87DB5F71-0FAB-46AF-B549-5F2179258164}.Debug|Any CPU.ActiveCfg = Debug|Any CPU
		{87DB5F71-0FAB-46AF-B549-5F2179258164}.Debug|Any CPU.Build.0 = Debug|Any CPU
		{87DB5F71-0FAB-46AF-B549-5F2179258164}.Release|Any CPU.ActiveCfg = Release|Any CPU
		{87DB5F71-0FAB-46AF-B549-5F2179258164}.Release|Any CPU.Build.0 = Release|Any CPU
		{9F183CC3-3277-45CF-B2C5-37B3137A29D3}.Debug|Any CPU.ActiveCfg = Debug|Any CPU
		{9F183CC3-3277-45CF-B2C5-37B3137A29D3}.Debug|Any CPU.Build.0 = Debug|Any CPU
		{9F183CC3-3277-45CF-B2C5-37B3137A29D3}.Release|Any CPU.ActiveCfg = Release|Any CPU
		{9F183CC3-3277-45CF-B2C5-37B3137A29D3}.Release|Any CPU.Build.0 = Release|Any CPU
		{8AA97F58-5044-4BBA-B8D9-A74B6947A660}.Debug|Any CPU.ActiveCfg = Debug|Any CPU
		{8AA97F58-5044-4BBA-B8D9-A74B6947A660}.Debug|Any CPU.Build.0 = Debug|Any CPU
		{8AA97F58-5044-4BBA-B8D9-A74B6947A660}.Release|Any CPU.ActiveCfg = Release|Any CPU
		{8AA97F58-5044-4BBA-B8D9-A74B6947A660}.Release|Any CPU.Build.0 = Release|Any CPU
		{8DDEAFD5-2124-4D6D-ABBF-69531DFCBD7A}.Debug|Any CPU.ActiveCfg = Debug|Any CPU
		{8DDEAFD5-2124-4D6D-ABBF-69531DFCBD7A}.Debug|Any CPU.Build.0 = Debug|Any CPU
		{8DDEAFD5-2124-4D6D-ABBF-69531DFCBD7A}.Release|Any CPU.ActiveCfg = Release|Any CPU
		{8DDEAFD5-2124-4D6D-ABBF-69531DFCBD7A}.Release|Any CPU.Build.0 = Release|Any CPU
	EndGlobalSection
	GlobalSection(SolutionProperties) = preSolution
		HideSolutionNode = FALSE
	EndGlobalSection
	GlobalSection(ExtensibilityGlobals) = postSolution
		SolutionGuid = {4165B1C1-D288-46A3-A80D-FE215EEE0815}
	EndGlobalSection
EndGlobal
